
Microsoft Visual Studio Solution File, Format Version 12.00
# Visual Studio 2013
VisualStudioVersion = 12.0.21005.1
MinimumVisualStudioVersion = 10.0.40219.1
Project("{8BC9CEB8-8B4A-11D0-8D11-00A0C91BC942}") = "String_Vector", "String_Vector\String_Vector.vcxproj", "{6B06A83B-47F2-4812-83FF-D0978D3574D6}"
EndProject
Global
	GlobalSection(SolutionConfigurationPlatforms) = preSolution
		Debug|Win32 = Debug|Win32
		Release|Win32 = Release|Win32
	EndGlobalSection
	GlobalSection(ProjectConfigurationPlatforms) = postSolution
		{6B06A83B-47F2-4812-83FF-D0978D3574D6}.Debug|Win32.ActiveCfg = Debug|Win32
		{6B06A83B-47F2-4812-83FF-D0978D3574D6}.Debug|Win32.Build.0 = Debug|Win32
		{6B06A83B-47F2-4812-83FF-D0978D3574D6}.Release|Win32.ActiveCfg = Release|Win32
		{6B06A83B-47F2-4812-83FF-D0978D3574D6}.Release|Win32.Build.0 = Release|Win32
	EndGlobalSection
	GlobalSection(SolutionProperties) = preSolution
		HideSolutionNode = FALSE
	EndGlobalSection
EndGlobal
